{
  "version": 4,
  "terraform_version": "0.14.2",
  "serial": 3,
  "lineage": "90f19e41-b92f-c238-c778-3fa390383446",
  "outputs": {},
  "resources": [
    {
      "mode": "managed",
      "type": "heroku_addon",
      "name": "database_production",
      "provider": "provider[\"registry.terraform.io/heroku/heroku\"]",
      "instances": [
        {
          "schema_version": 2,
          "attributes": {
            "app": "api-etsglobal-production",
            "config": null,
            "config_vars": [
              "DATABASE_URL"
            ],
            "id": "5b1ffa85-65df-4626-8244-57a2b751dce3",
            "name": "postgresql-closed-48163",
            "plan": "heroku-postgresql:hobby-dev",
            "provider_id": "21756549"
          },
          "sensitive_attributes": [],
          "private": "eyJzY2hlbWFfdmVyc2lvbiI6IjIifQ==",
          "dependencies": [
            "heroku_app.app_production"
          ]
        }
      ]
    },
    {
      "mode": "managed",
      "type": "heroku_addon",
      "name": "database_staging",
      "provider": "provider[\"registry.terraform.io/heroku/heroku\"]",
      "instances": []
    },
    {
      "mode": "managed",
      "type": "heroku_app",
      "name": "app_production",
      "provider": "provider[\"registry.terraform.io/heroku/heroku\"]",
      "instances": [
        {
          "schema_version": 0,
          "attributes": {
            "acm": false,
            "all_config_vars": {},
            "buildpacks": [],
            "config_vars": {},
            "git_url": "https://git.heroku.com/api-etsglobal-production.git",
            "heroku_hostname": "api-etsglobal-production.herokuapp.com",
            "id": "api-etsglobal-production",
            "internal_routing": false,
            "name": "api-etsglobal-production",
            "organization": [],
            "region": "eu",
            "sensitive_config_vars": {},
            "space": null,
            "stack": "heroku-18",
            "uuid": "139482dd-7136-4867-8d66-03a63916de17",
            "web_url": "https://api-etsglobal-production.herokuapp.com/"
          },
          "sensitive_attributes": [],
          "private": "bnVsbA=="
        }
      ]
    }
  ]
}
